{
  "name": "workspace-blank",
  "version": "1.0.0",
  "lockfileVersion": 3,
  "requires": true,
  "packages": {
    "": {
      "version": "1.0.0",
      "resolved": "",
      "integrity": "",
      "dependencies": {
        "example-package": "^1.2.3"
      }
    },
    "node_modules/example-package": {
      "version": "1.2.3",
      "resolved": "https://registry.npmjs.org/example-package/-/example-package-1.2.3.tgz",
      "integrity": "sha512-...",
      "dev": true // or false, depending on whether it's a dev dependency
    }
  },
  "dependencies": {
    "example-package": {
      "version": "1.2.3",
      "resolved": "https://registry.npmjs.org/example-package/-/example-package-1.2.3.tgz",
      "integrity": "sha512-...",
      "dev": true // or false, depending on whether it's a dev dependency
    }
  }
}
